
Microsoft Visual Studio Solution File, Format Version 12.00
# Visual Studio Version 17
VisualStudioVersion = 17.3.32825.248
MinimumVisualStudioVersion = 10.0.40219.1
Project("{FAE04EC0-301F-11D3-BF4B-00C04F79EFBC}") = "Notification_Event", "Notification_Event\Notification_Event.csproj", "{89255173-9142-4615-B89B-82A1E5181DE5}"
EndProject
Global
	GlobalSection(SolutionConfigurationPlatforms) = preSolution
		Debug|Any CPU = Debug|Any CPU
		Release|Any CPU = Release|Any CPU
	EndGlobalSection
	GlobalSection(ProjectConfigurationPlatforms) = postSolution
		{89255173-9142-4615-B89B-82A1E5181DE5}.Debug|Any CPU.ActiveCfg = Debug|Any CPU
		{89255173-9142-4615-B89B-82A1E5181DE5}.Debug|Any CPU.Build.0 = Debug|Any CPU
		{89255173-9142-4615-B89B-82A1E5181DE5}.Release|Any CPU.ActiveCfg = Release|Any CPU
		{89255173-9142-4615-B89B-82A1E5181DE5}.Release|Any CPU.Build.0 = Release|Any CPU
	EndGlobalSection
	GlobalSection(SolutionProperties) = preSolution
		HideSolutionNode = FALSE
	EndGlobalSection
	GlobalSection(ExtensibilityGlobals) = postSolution
		SolutionGuid = {170249E9-414C-480B-B90F-06C3A9E50986}
	EndGlobalSection
EndGlobal
