
Microsoft Visual Studio Solution File, Format Version 12.00
# Visual Studio Version 17
VisualStudioVersion = 17.0.31903.59
MinimumVisualStudioVersion = 10.0.40219.1
Project("{FAE04EC0-301F-11D3-BF4B-00C04F79EFBC}") = "SendwichOperator", "SendwichOperator.csproj", "{5BCBF818-A487-4F24-A339-08E4ABA0832C}"
EndProject
Global
	GlobalSection(SolutionConfigurationPlatforms) = preSolution
		Debug|Any CPU = Debug|Any CPU
		Release|Any CPU = Release|Any CPU
	EndGlobalSection
	GlobalSection(ProjectConfigurationPlatforms) = postSolution
		{5BCBF818-A487-4F24-A339-08E4ABA0832C}.Debug|Any CPU.ActiveCfg = Debug|Any CPU
		{5BCBF818-A487-4F24-A339-08E4ABA0832C}.Debug|Any CPU.Build.0 = Debug|Any CPU
		{5BCBF818-A487-4F24-A339-08E4ABA0832C}.Release|Any CPU.ActiveCfg = Release|Any CPU
		{5BCBF818-A487-4F24-A339-08E4ABA0832C}.Release|Any CPU.Build.0 = Release|Any CPU
	EndGlobalSection
	GlobalSection(SolutionProperties) = preSolution
		HideSolutionNode = FALSE
	EndGlobalSection
	GlobalSection(ExtensibilityGlobals) = postSolution
		SolutionGuid = {18BDF45E-C13D-40F6-9BBF-FD5FEB8DF4CB}
	EndGlobalSection
EndGlobal
