
Microsoft Visual Studio Solution File, Format Version 12.00
# Visual Studio Version 17
VisualStudioVersion = 17.0.31903.59
MinimumVisualStudioVersion = 10.0.40219.1
Project("{FAE04EC0-301F-11D3-BF4B-00C04F79EFBC}") = "OperatorOverloading", "OperatorOverloading.csproj", "{0189CEB8-403D-48EB-A94C-40B432373079}"
EndProject
Global
	GlobalSection(SolutionConfigurationPlatforms) = preSolution
		Debug|Any CPU = Debug|Any CPU
		Release|Any CPU = Release|Any CPU
	EndGlobalSection
	GlobalSection(ProjectConfigurationPlatforms) = postSolution
		{0189CEB8-403D-48EB-A94C-40B432373079}.Debug|Any CPU.ActiveCfg = Debug|Any CPU
		{0189CEB8-403D-48EB-A94C-40B432373079}.Debug|Any CPU.Build.0 = Debug|Any CPU
		{0189CEB8-403D-48EB-A94C-40B432373079}.Release|Any CPU.ActiveCfg = Release|Any CPU
		{0189CEB8-403D-48EB-A94C-40B432373079}.Release|Any CPU.Build.0 = Release|Any CPU
	EndGlobalSection
	GlobalSection(SolutionProperties) = preSolution
		HideSolutionNode = FALSE
	EndGlobalSection
	GlobalSection(ExtensibilityGlobals) = postSolution
		SolutionGuid = {FA12217A-98AD-469F-AC81-4000B3D0BE85}
	EndGlobalSection
EndGlobal
