
Microsoft Visual Studio Solution File, Format Version 12.00
# Visual Studio Version 16
VisualStudioVersion = 16.0.32802.440
MinimumVisualStudioVersion = 10.0.40219.1
Project("{9A19103F-16F7-4668-BE54-9A1E7A4F7556}") = "homework_AWDA_advanced_01", "homework_AWDA_advanced_01\homework_AWDA_advanced_01.csproj", "{D1B972D9-5FA0-45FD-96DB-C7EB14B4EF9F}"
EndProject
Project("{9A19103F-16F7-4668-BE54-9A1E7A4F7556}") = "ConsoleApp1", "ConsoleApp1\ConsoleApp1.csproj", "{44F15705-C1B1-4DCD-9804-32BB7F5D6932}"
EndProject
Project("{9A19103F-16F7-4668-BE54-9A1E7A4F7556}") = "StudentSample", "StudentSample\StudentSample.csproj", "{06EBAB62-69B7-46E6-94D3-5716C2579645}"
EndProject
Project("{9A19103F-16F7-4668-BE54-9A1E7A4F7556}") = "FIB", "FIB\FIB.csproj", "{8C233AFE-4AFF-42BF-8AC1-75F575076D3E}"
EndProject
Project("{9A19103F-16F7-4668-BE54-9A1E7A4F7556}") = "WithNew", "WithNew\WithNew.csproj", "{E70E26A9-B77A-45CF-864F-CED92CD53386}"
EndProject
Project("{9A19103F-16F7-4668-BE54-9A1E7A4F7556}") = "Human", "Human\Human.csproj", "{AB3994D5-FE6A-4C52-9C1D-7BC3C7DB2B36}"
EndProject
Project("{9A19103F-16F7-4668-BE54-9A1E7A4F7556}") = "AccessModifieryTest", "AccessModifieryTest\AccessModifieryTest.csproj", "{01DA36DD-59DE-42F5-8000-91C031244DB1}"
EndProject
Project("{9A19103F-16F7-4668-BE54-9A1E7A4F7556}") = "KeyBoardDetection", "KeyBoardDetection\KeyBoardDetection.csproj", "{8CA7A297-A005-4DCD-873F-6A604595B373}"
EndProject
Project("{FAE04EC0-301F-11D3-BF4B-00C04F79EFBC}") = "Discriminant", "Discriminant\Discriminant.csproj", "{6FE174CD-10BA-42A2-8D27-AEA9887F6D2D}"
EndProject
Project("{FAE04EC0-301F-11D3-BF4B-00C04F79EFBC}") = "DiscriminantWithRef", "DiscriminantWithRef\DiscriminantWithRef.csproj", "{C74767F5-F6C5-40AB-95D7-7F28388619A7}"
EndProject
Project("{FAE04EC0-301F-11D3-BF4B-00C04F79EFBC}") = "DiscriminantWithStandard", "DiscriminantWithStandard\DiscriminantWithStandard.csproj", "{28182814-E0A4-47CE-AC71-95830E9A4E9B}"
EndProject
Global
	GlobalSection(SolutionConfigurationPlatforms) = preSolution
		Debug|Any CPU = Debug|Any CPU
		Release|Any CPU = Release|Any CPU
	EndGlobalSection
	GlobalSection(ProjectConfigurationPlatforms) = postSolution
		{D1B972D9-5FA0-45FD-96DB-C7EB14B4EF9F}.Debug|Any CPU.ActiveCfg = Debug|Any CPU
		{D1B972D9-5FA0-45FD-96DB-C7EB14B4EF9F}.Debug|Any CPU.Build.0 = Debug|Any CPU
		{D1B972D9-5FA0-45FD-96DB-C7EB14B4EF9F}.Release|Any CPU.ActiveCfg = Release|Any CPU
		{D1B972D9-5FA0-45FD-96DB-C7EB14B4EF9F}.Release|Any CPU.Build.0 = Release|Any CPU
		{44F15705-C1B1-4DCD-9804-32BB7F5D6932}.Debug|Any CPU.ActiveCfg = Debug|Any CPU
		{44F15705-C1B1-4DCD-9804-32BB7F5D6932}.Debug|Any CPU.Build.0 = Debug|Any CPU
		{44F15705-C1B1-4DCD-9804-32BB7F5D6932}.Release|Any CPU.ActiveCfg = Release|Any CPU
		{44F15705-C1B1-4DCD-9804-32BB7F5D6932}.Release|Any CPU.Build.0 = Release|Any CPU
		{06EBAB62-69B7-46E6-94D3-5716C2579645}.Debug|Any CPU.ActiveCfg = Debug|Any CPU
		{06EBAB62-69B7-46E6-94D3-5716C2579645}.Debug|Any CPU.Build.0 = Debug|Any CPU
		{06EBAB62-69B7-46E6-94D3-5716C2579645}.Release|Any CPU.ActiveCfg = Release|Any CPU
		{06EBAB62-69B7-46E6-94D3-5716C2579645}.Release|Any CPU.Build.0 = Release|Any CPU
		{8C233AFE-4AFF-42BF-8AC1-75F575076D3E}.Debug|Any CPU.ActiveCfg = Debug|Any CPU
		{8C233AFE-4AFF-42BF-8AC1-75F575076D3E}.Debug|Any CPU.Build.0 = Debug|Any CPU
		{8C233AFE-4AFF-42BF-8AC1-75F575076D3E}.Release|Any CPU.ActiveCfg = Release|Any CPU
		{8C233AFE-4AFF-42BF-8AC1-75F575076D3E}.Release|Any CPU.Build.0 = Release|Any CPU
		{E70E26A9-B77A-45CF-864F-CED92CD53386}.Debug|Any CPU.ActiveCfg = Debug|Any CPU
		{E70E26A9-B77A-45CF-864F-CED92CD53386}.Debug|Any CPU.Build.0 = Debug|Any CPU
		{E70E26A9-B77A-45CF-864F-CED92CD53386}.Release|Any CPU.ActiveCfg = Release|Any CPU
		{E70E26A9-B77A-45CF-864F-CED92CD53386}.Release|Any CPU.Build.0 = Release|Any CPU
		{AB3994D5-FE6A-4C52-9C1D-7BC3C7DB2B36}.Debug|Any CPU.ActiveCfg = Debug|Any CPU
		{AB3994D5-FE6A-4C52-9C1D-7BC3C7DB2B36}.Debug|Any CPU.Build.0 = Debug|Any CPU
		{AB3994D5-FE6A-4C52-9C1D-7BC3C7DB2B36}.Release|Any CPU.ActiveCfg = Release|Any CPU
		{AB3994D5-FE6A-4C52-9C1D-7BC3C7DB2B36}.Release|Any CPU.Build.0 = Release|Any CPU
		{01DA36DD-59DE-42F5-8000-91C031244DB1}.Debug|Any CPU.ActiveCfg = Debug|Any CPU
		{01DA36DD-59DE-42F5-8000-91C031244DB1}.Debug|Any CPU.Build.0 = Debug|Any CPU
		{01DA36DD-59DE-42F5-8000-91C031244DB1}.Release|Any CPU.ActiveCfg = Release|Any CPU
		{01DA36DD-59DE-42F5-8000-91C031244DB1}.Release|Any CPU.Build.0 = Release|Any CPU
		{8CA7A297-A005-4DCD-873F-6A604595B373}.Debug|Any CPU.ActiveCfg = Debug|Any CPU
		{8CA7A297-A005-4DCD-873F-6A604595B373}.Debug|Any CPU.Build.0 = Debug|Any CPU
		{8CA7A297-A005-4DCD-873F-6A604595B373}.Release|Any CPU.ActiveCfg = Release|Any CPU
		{8CA7A297-A005-4DCD-873F-6A604595B373}.Release|Any CPU.Build.0 = Release|Any CPU
		{6FE174CD-10BA-42A2-8D27-AEA9887F6D2D}.Debug|Any CPU.ActiveCfg = Debug|Any CPU
		{6FE174CD-10BA-42A2-8D27-AEA9887F6D2D}.Debug|Any CPU.Build.0 = Debug|Any CPU
		{6FE174CD-10BA-42A2-8D27-AEA9887F6D2D}.Release|Any CPU.ActiveCfg = Release|Any CPU
		{6FE174CD-10BA-42A2-8D27-AEA9887F6D2D}.Release|Any CPU.Build.0 = Release|Any CPU
		{C74767F5-F6C5-40AB-95D7-7F28388619A7}.Debug|Any CPU.ActiveCfg = Debug|Any CPU
		{C74767F5-F6C5-40AB-95D7-7F28388619A7}.Debug|Any CPU.Build.0 = Debug|Any CPU
		{C74767F5-F6C5-40AB-95D7-7F28388619A7}.Release|Any CPU.ActiveCfg = Release|Any CPU
		{C74767F5-F6C5-40AB-95D7-7F28388619A7}.Release|Any CPU.Build.0 = Release|Any CPU
		{28182814-E0A4-47CE-AC71-95830E9A4E9B}.Debug|Any CPU.ActiveCfg = Debug|Any CPU
		{28182814-E0A4-47CE-AC71-95830E9A4E9B}.Debug|Any CPU.Build.0 = Debug|Any CPU
		{28182814-E0A4-47CE-AC71-95830E9A4E9B}.Release|Any CPU.ActiveCfg = Release|Any CPU
		{28182814-E0A4-47CE-AC71-95830E9A4E9B}.Release|Any CPU.Build.0 = Release|Any CPU
	EndGlobalSection
	GlobalSection(SolutionProperties) = preSolution
		HideSolutionNode = FALSE
	EndGlobalSection
	GlobalSection(ExtensibilityGlobals) = postSolution
		SolutionGuid = {3AAF9269-C2E7-4C66-88DE-16D944676B52}
	EndGlobalSection
EndGlobal
