
Microsoft Visual Studio Solution File, Format Version 12.00
# Visual Studio Version 17
VisualStudioVersion = 17.3.32804.467
MinimumVisualStudioVersion = 10.0.40219.1
Project("{9A19103F-16F7-4668-BE54-9A1E7A4F7556}") = "homework_AWDA_advanced_01", "homework_AWDA_advanced_01\homework_AWDA_advanced_01.csproj", "{D1B972D9-5FA0-45FD-96DB-C7EB14B4EF9F}"
EndProject
Project("{FAE04EC0-301F-11D3-BF4B-00C04F79EFBC}") = "Fibonacci", "Fibonacci\Fibonacci.csproj", "{7FB4DC3D-2553-43F1-88BB-7EA7F77FC393}"
EndProject
Project("{FAE04EC0-301F-11D3-BF4B-00C04F79EFBC}") = "Matrix_Max,Min,Sum,Prime", "Matrix_Max,Min,Sum,Prime\Matrix_Max,Min,Sum,Prime.csproj", "{DA1B05DA-5A8F-4027-928A-ADA01A4BC82F}"
EndProject
Global
	GlobalSection(SolutionConfigurationPlatforms) = preSolution
		Debug|Any CPU = Debug|Any CPU
		Release|Any CPU = Release|Any CPU
	EndGlobalSection
	GlobalSection(ProjectConfigurationPlatforms) = postSolution
		{D1B972D9-5FA0-45FD-96DB-C7EB14B4EF9F}.Debug|Any CPU.ActiveCfg = Debug|Any CPU
		{D1B972D9-5FA0-45FD-96DB-C7EB14B4EF9F}.Debug|Any CPU.Build.0 = Debug|Any CPU
		{D1B972D9-5FA0-45FD-96DB-C7EB14B4EF9F}.Release|Any CPU.ActiveCfg = Release|Any CPU
		{D1B972D9-5FA0-45FD-96DB-C7EB14B4EF9F}.Release|Any CPU.Build.0 = Release|Any CPU
		{7FB4DC3D-2553-43F1-88BB-7EA7F77FC393}.Debug|Any CPU.ActiveCfg = Debug|Any CPU
		{7FB4DC3D-2553-43F1-88BB-7EA7F77FC393}.Debug|Any CPU.Build.0 = Debug|Any CPU
		{7FB4DC3D-2553-43F1-88BB-7EA7F77FC393}.Release|Any CPU.ActiveCfg = Release|Any CPU
		{7FB4DC3D-2553-43F1-88BB-7EA7F77FC393}.Release|Any CPU.Build.0 = Release|Any CPU
		{DA1B05DA-5A8F-4027-928A-ADA01A4BC82F}.Debug|Any CPU.ActiveCfg = Debug|Any CPU
		{DA1B05DA-5A8F-4027-928A-ADA01A4BC82F}.Debug|Any CPU.Build.0 = Debug|Any CPU
		{DA1B05DA-5A8F-4027-928A-ADA01A4BC82F}.Release|Any CPU.ActiveCfg = Release|Any CPU
		{DA1B05DA-5A8F-4027-928A-ADA01A4BC82F}.Release|Any CPU.Build.0 = Release|Any CPU
	EndGlobalSection
	GlobalSection(SolutionProperties) = preSolution
		HideSolutionNode = FALSE
	EndGlobalSection
	GlobalSection(ExtensibilityGlobals) = postSolution
		SolutionGuid = {3AAF9269-C2E7-4C66-88DE-16D944676B52}
	EndGlobalSection
EndGlobal
