
Microsoft Visual Studio Solution File, Format Version 12.00
# Visual Studio Version 17
VisualStudioVersion = 17.0.31903.59
MinimumVisualStudioVersion = 10.0.40219.1
Project("{FAE04EC0-301F-11D3-BF4B-00C04F79EFBC}") = "ExpImp", "ExpImp.csproj", "{18F297EB-AE3D-4264-83C7-C7ED174D6F5D}"
EndProject
Global
	GlobalSection(SolutionConfigurationPlatforms) = preSolution
		Debug|Any CPU = Debug|Any CPU
		Release|Any CPU = Release|Any CPU
	EndGlobalSection
	GlobalSection(ProjectConfigurationPlatforms) = postSolution
		{18F297EB-AE3D-4264-83C7-C7ED174D6F5D}.Debug|Any CPU.ActiveCfg = Debug|Any CPU
		{18F297EB-AE3D-4264-83C7-C7ED174D6F5D}.Debug|Any CPU.Build.0 = Debug|Any CPU
		{18F297EB-AE3D-4264-83C7-C7ED174D6F5D}.Release|Any CPU.ActiveCfg = Release|Any CPU
		{18F297EB-AE3D-4264-83C7-C7ED174D6F5D}.Release|Any CPU.Build.0 = Release|Any CPU
	EndGlobalSection
	GlobalSection(SolutionProperties) = preSolution
		HideSolutionNode = FALSE
	EndGlobalSection
	GlobalSection(ExtensibilityGlobals) = postSolution
		SolutionGuid = {A2846975-CC2B-435F-AC9F-F76AACC30153}
	EndGlobalSection
EndGlobal
