
Microsoft Visual Studio Solution File, Format Version 12.00
# Visual Studio Version 17
VisualStudioVersion = 17.0.31903.59
MinimumVisualStudioVersion = 10.0.40219.1
Project("{FAE04EC0-301F-11D3-BF4B-00C04F79EFBC}") = "CoffeeAndTea", "CoffeeAndTea.csproj", "{272EBA15-7A16-4FA8-AC23-940429613DF0}"
EndProject
Global
	GlobalSection(SolutionConfigurationPlatforms) = preSolution
		Debug|Any CPU = Debug|Any CPU
		Release|Any CPU = Release|Any CPU
	EndGlobalSection
	GlobalSection(ProjectConfigurationPlatforms) = postSolution
		{272EBA15-7A16-4FA8-AC23-940429613DF0}.Debug|Any CPU.ActiveCfg = Debug|Any CPU
		{272EBA15-7A16-4FA8-AC23-940429613DF0}.Debug|Any CPU.Build.0 = Debug|Any CPU
		{272EBA15-7A16-4FA8-AC23-940429613DF0}.Release|Any CPU.ActiveCfg = Release|Any CPU
		{272EBA15-7A16-4FA8-AC23-940429613DF0}.Release|Any CPU.Build.0 = Release|Any CPU
	EndGlobalSection
	GlobalSection(SolutionProperties) = preSolution
		HideSolutionNode = FALSE
	EndGlobalSection
	GlobalSection(ExtensibilityGlobals) = postSolution
		SolutionGuid = {1B10ADC8-036D-483A-9A35-5FC66B623A0D}
	EndGlobalSection
EndGlobal
