
Microsoft Visual Studio Solution File, Format Version 12.00
# Visual Studio Version 17
VisualStudioVersion = 17.0.31903.59
MinimumVisualStudioVersion = 10.0.40219.1
Project("{FAE04EC0-301F-11D3-BF4B-00C04F79EFBC}") = "StackCollectionBrekets", "StackCollectionBrekets.csproj", "{EF1FB005-568E-4B7C-A821-955C436BA9E0}"
EndProject
Global
	GlobalSection(SolutionConfigurationPlatforms) = preSolution
		Debug|Any CPU = Debug|Any CPU
		Release|Any CPU = Release|Any CPU
	EndGlobalSection
	GlobalSection(ProjectConfigurationPlatforms) = postSolution
		{EF1FB005-568E-4B7C-A821-955C436BA9E0}.Debug|Any CPU.ActiveCfg = Debug|Any CPU
		{EF1FB005-568E-4B7C-A821-955C436BA9E0}.Debug|Any CPU.Build.0 = Debug|Any CPU
		{EF1FB005-568E-4B7C-A821-955C436BA9E0}.Release|Any CPU.ActiveCfg = Release|Any CPU
		{EF1FB005-568E-4B7C-A821-955C436BA9E0}.Release|Any CPU.Build.0 = Release|Any CPU
	EndGlobalSection
	GlobalSection(SolutionProperties) = preSolution
		HideSolutionNode = FALSE
	EndGlobalSection
	GlobalSection(ExtensibilityGlobals) = postSolution
		SolutionGuid = {18A93468-C4A7-4F2E-B7BC-1C66E88C4B01}
	EndGlobalSection
EndGlobal
