
Microsoft Visual Studio Solution File, Format Version 12.00
# Visual Studio Version 17
VisualStudioVersion = 17.3.32825.248
MinimumVisualStudioVersion = 10.0.40219.1
Project("{FAE04EC0-301F-11D3-BF4B-00C04F79EFBC}") = "Delegate", "Delegate\Delegate.csproj", "{18C3F6FD-612D-486D-8CF5-1DF09B13F28E}"
EndProject
Global
	GlobalSection(SolutionConfigurationPlatforms) = preSolution
		Debug|Any CPU = Debug|Any CPU
		Release|Any CPU = Release|Any CPU
	EndGlobalSection
	GlobalSection(ProjectConfigurationPlatforms) = postSolution
		{18C3F6FD-612D-486D-8CF5-1DF09B13F28E}.Debug|Any CPU.ActiveCfg = Debug|Any CPU
		{18C3F6FD-612D-486D-8CF5-1DF09B13F28E}.Debug|Any CPU.Build.0 = Debug|Any CPU
		{18C3F6FD-612D-486D-8CF5-1DF09B13F28E}.Release|Any CPU.ActiveCfg = Release|Any CPU
		{18C3F6FD-612D-486D-8CF5-1DF09B13F28E}.Release|Any CPU.Build.0 = Release|Any CPU
	EndGlobalSection
	GlobalSection(SolutionProperties) = preSolution
		HideSolutionNode = FALSE
	EndGlobalSection
	GlobalSection(ExtensibilityGlobals) = postSolution
		SolutionGuid = {5E9676B0-4564-43E0-A7A6-1F53E5010131}
	EndGlobalSection
EndGlobal
