
Microsoft Visual Studio Solution File, Format Version 12.00
# Visual Studio Version 17
VisualStudioVersion = 17.0.31903.59
MinimumVisualStudioVersion = 10.0.40219.1
Project("{FAE04EC0-301F-11D3-BF4B-00C04F79EFBC}") = "FromClassesOperator", "FromClassesOperator.csproj", "{AB2C186E-E66D-4B7B-8A2D-8EB4CAC006BD}"
EndProject
Global
	GlobalSection(SolutionConfigurationPlatforms) = preSolution
		Debug|Any CPU = Debug|Any CPU
		Release|Any CPU = Release|Any CPU
	EndGlobalSection
	GlobalSection(ProjectConfigurationPlatforms) = postSolution
		{AB2C186E-E66D-4B7B-8A2D-8EB4CAC006BD}.Debug|Any CPU.ActiveCfg = Debug|Any CPU
		{AB2C186E-E66D-4B7B-8A2D-8EB4CAC006BD}.Debug|Any CPU.Build.0 = Debug|Any CPU
		{AB2C186E-E66D-4B7B-8A2D-8EB4CAC006BD}.Release|Any CPU.ActiveCfg = Release|Any CPU
		{AB2C186E-E66D-4B7B-8A2D-8EB4CAC006BD}.Release|Any CPU.Build.0 = Release|Any CPU
	EndGlobalSection
	GlobalSection(SolutionProperties) = preSolution
		HideSolutionNode = FALSE
	EndGlobalSection
	GlobalSection(ExtensibilityGlobals) = postSolution
		SolutionGuid = {2604061E-1E6C-4BC2-96EF-700302E37BEB}
	EndGlobalSection
EndGlobal
