
Microsoft Visual Studio Solution File, Format Version 12.00
# Visual Studio Version 17
VisualStudioVersion = 17.0.31903.59
MinimumVisualStudioVersion = 10.0.40219.1
Project("{FAE04EC0-301F-11D3-BF4B-00C04F79EFBC}") = "MyDelegate", "MyDelegate.csproj", "{DA377D48-3E68-457A-BB80-F420A7688A77}"
EndProject
Global
	GlobalSection(SolutionConfigurationPlatforms) = preSolution
		Debug|Any CPU = Debug|Any CPU
		Release|Any CPU = Release|Any CPU
	EndGlobalSection
	GlobalSection(ProjectConfigurationPlatforms) = postSolution
		{DA377D48-3E68-457A-BB80-F420A7688A77}.Debug|Any CPU.ActiveCfg = Debug|Any CPU
		{DA377D48-3E68-457A-BB80-F420A7688A77}.Debug|Any CPU.Build.0 = Debug|Any CPU
		{DA377D48-3E68-457A-BB80-F420A7688A77}.Release|Any CPU.ActiveCfg = Release|Any CPU
		{DA377D48-3E68-457A-BB80-F420A7688A77}.Release|Any CPU.Build.0 = Release|Any CPU
	EndGlobalSection
	GlobalSection(SolutionProperties) = preSolution
		HideSolutionNode = FALSE
	EndGlobalSection
	GlobalSection(ExtensibilityGlobals) = postSolution
		SolutionGuid = {EC165080-3B21-41F8-ADD6-6D47C249B57C}
	EndGlobalSection
EndGlobal
