
Microsoft Visual Studio Solution File, Format Version 12.00
# Visual Studio Version 17
VisualStudioVersion = 17.0.31903.59
MinimumVisualStudioVersion = 10.0.40219.1
Project("{FAE04EC0-301F-11D3-BF4B-00C04F79EFBC}") = "DiscriminantWithRef", "DiscriminantWithRef.csproj", "{8F7C1126-B384-48D4-B50D-030A9B2EBDA7}"
EndProject
Global
	GlobalSection(SolutionConfigurationPlatforms) = preSolution
		Debug|Any CPU = Debug|Any CPU
		Release|Any CPU = Release|Any CPU
	EndGlobalSection
	GlobalSection(ProjectConfigurationPlatforms) = postSolution
		{8F7C1126-B384-48D4-B50D-030A9B2EBDA7}.Debug|Any CPU.ActiveCfg = Debug|Any CPU
		{8F7C1126-B384-48D4-B50D-030A9B2EBDA7}.Debug|Any CPU.Build.0 = Debug|Any CPU
		{8F7C1126-B384-48D4-B50D-030A9B2EBDA7}.Release|Any CPU.ActiveCfg = Release|Any CPU
		{8F7C1126-B384-48D4-B50D-030A9B2EBDA7}.Release|Any CPU.Build.0 = Release|Any CPU
	EndGlobalSection
	GlobalSection(SolutionProperties) = preSolution
		HideSolutionNode = FALSE
	EndGlobalSection
	GlobalSection(ExtensibilityGlobals) = postSolution
		SolutionGuid = {F8AEA4FA-1FC7-45EC-A95C-C6A2AC98F8D3}
	EndGlobalSection
EndGlobal
