
Microsoft Visual Studio Solution File, Format Version 12.00
# Visual Studio Version 17
VisualStudioVersion = 17.0.31903.59
MinimumVisualStudioVersion = 10.0.40219.1
Project("{FAE04EC0-301F-11D3-BF4B-00C04F79EFBC}") = "NewList", "NewList.csproj", "{CCDA6C4F-532B-4DE2-90B4-1DA6E4DD1E9D}"
EndProject
Global
	GlobalSection(SolutionConfigurationPlatforms) = preSolution
		Debug|Any CPU = Debug|Any CPU
		Release|Any CPU = Release|Any CPU
	EndGlobalSection
	GlobalSection(ProjectConfigurationPlatforms) = postSolution
		{CCDA6C4F-532B-4DE2-90B4-1DA6E4DD1E9D}.Debug|Any CPU.ActiveCfg = Debug|Any CPU
		{CCDA6C4F-532B-4DE2-90B4-1DA6E4DD1E9D}.Debug|Any CPU.Build.0 = Debug|Any CPU
		{CCDA6C4F-532B-4DE2-90B4-1DA6E4DD1E9D}.Release|Any CPU.ActiveCfg = Release|Any CPU
		{CCDA6C4F-532B-4DE2-90B4-1DA6E4DD1E9D}.Release|Any CPU.Build.0 = Release|Any CPU
	EndGlobalSection
	GlobalSection(SolutionProperties) = preSolution
		HideSolutionNode = FALSE
	EndGlobalSection
	GlobalSection(ExtensibilityGlobals) = postSolution
		SolutionGuid = {6CB0C208-786A-416D-A95F-48A653DC4C3E}
	EndGlobalSection
EndGlobal
