
Microsoft Visual Studio Solution File, Format Version 12.00
# Visual Studio Version 17
VisualStudioVersion = 17.0.31903.59
MinimumVisualStudioVersion = 10.0.40219.1
Project("{FAE04EC0-301F-11D3-BF4B-00C04F79EFBC}") = "MyBinerySearch", "MyBinerySearch.csproj", "{6138E5FD-B931-4BE7-9BEE-7367F9693581}"
EndProject
Global
	GlobalSection(SolutionConfigurationPlatforms) = preSolution
		Debug|Any CPU = Debug|Any CPU
		Release|Any CPU = Release|Any CPU
	EndGlobalSection
	GlobalSection(ProjectConfigurationPlatforms) = postSolution
		{6138E5FD-B931-4BE7-9BEE-7367F9693581}.Debug|Any CPU.ActiveCfg = Debug|Any CPU
		{6138E5FD-B931-4BE7-9BEE-7367F9693581}.Debug|Any CPU.Build.0 = Debug|Any CPU
		{6138E5FD-B931-4BE7-9BEE-7367F9693581}.Release|Any CPU.ActiveCfg = Release|Any CPU
		{6138E5FD-B931-4BE7-9BEE-7367F9693581}.Release|Any CPU.Build.0 = Release|Any CPU
	EndGlobalSection
	GlobalSection(SolutionProperties) = preSolution
		HideSolutionNode = FALSE
	EndGlobalSection
	GlobalSection(ExtensibilityGlobals) = postSolution
		SolutionGuid = {65FB15E9-D06C-4BBD-80EF-7DCFE1718C01}
	EndGlobalSection
EndGlobal
