
Microsoft Visual Studio Solution File, Format Version 12.00
# Visual Studio Version 17
VisualStudioVersion = 17.0.31903.59
MinimumVisualStudioVersion = 10.0.40219.1
Project("{FAE04EC0-301F-11D3-BF4B-00C04F79EFBC}") = "MyQuickSort", "MyQuickSort.csproj", "{FD54D5A1-BE84-4771-A7D4-EACA30BA7965}"
EndProject
Global
	GlobalSection(SolutionConfigurationPlatforms) = preSolution
		Debug|Any CPU = Debug|Any CPU
		Release|Any CPU = Release|Any CPU
	EndGlobalSection
	GlobalSection(ProjectConfigurationPlatforms) = postSolution
		{FD54D5A1-BE84-4771-A7D4-EACA30BA7965}.Debug|Any CPU.ActiveCfg = Debug|Any CPU
		{FD54D5A1-BE84-4771-A7D4-EACA30BA7965}.Debug|Any CPU.Build.0 = Debug|Any CPU
		{FD54D5A1-BE84-4771-A7D4-EACA30BA7965}.Release|Any CPU.ActiveCfg = Release|Any CPU
		{FD54D5A1-BE84-4771-A7D4-EACA30BA7965}.Release|Any CPU.Build.0 = Release|Any CPU
	EndGlobalSection
	GlobalSection(SolutionProperties) = preSolution
		HideSolutionNode = FALSE
	EndGlobalSection
	GlobalSection(ExtensibilityGlobals) = postSolution
		SolutionGuid = {2AF3E7CE-8531-41C7-A9F7-2B0A6F9BFD1D}
	EndGlobalSection
EndGlobal
